
Microsoft Visual Studio Solution File, Format Version 12.00
# Visual Studio Version 16
VisualStudioVersion = 16.0.31321.278
MinimumVisualStudioVersion = 10.0.40219.1
Project("{FAE04EC0-301F-11D3-BF4B-00C04F79EFBC}") = "BigSchool", "BigSchool\BigSchool.csproj", "{DFFA4D94-C77D-4B76-89D5-629B067C1024}"
EndProject
Global
	GlobalSection(SolutionConfigurationPlatforms) = preSolution
		Debug|Any CPU = Debug|Any CPU
		Release|Any CPU = Release|Any CPU
	EndGlobalSection
	GlobalSection(ProjectConfigurationPlatforms) = postSolution
		{DFFA4D94-C77D-4B76-89D5-629B067C1024}.Debug|Any CPU.ActiveCfg = Debug|Any CPU
		{DFFA4D94-C77D-4B76-89D5-629B067C1024}.Debug|Any CPU.Build.0 = Debug|Any CPU
		{DFFA4D94-C77D-4B76-89D5-629B067C1024}.Release|Any CPU.ActiveCfg = Release|Any CPU
		{DFFA4D94-C77D-4B76-89D5-629B067C1024}.Release|Any CPU.Build.0 = Release|Any CPU
	EndGlobalSection
	GlobalSection(SolutionProperties) = preSolution
		HideSolutionNode = FALSE
	EndGlobalSection
	GlobalSection(ExtensibilityGlobals) = postSolution
		SolutionGuid = {1CF89CCF-BD6D-4464-9ADF-A1A30A72A1B5}
	EndGlobalSection
EndGlobal
